
Microsoft Visual Studio Solution File, Format Version 12.00
# Visual Studio 14
VisualStudioVersion = 14.0.25123.0
MinimumVisualStudioVersion = 10.0.40219.1
Project("{FAE04EC0-301F-11D3-BF4B-00C04F79EFBC}") = "SafetyPing.Android", "SafetyPing.Android\SafetyPing.Android.csproj", "{7400D1DA-A9BD-4751-9E52-57FCB64F0EBC}"
EndProject
Project("{FAE04EC0-301F-11D3-BF4B-00C04F79EFBC}") = "SafetyPing.IOS", "SafetyPing.IOS\SafetyPing.IOS.csproj", "{BBA5B393-7643-4616-8D28-1799201E0D82}"
EndProject
Project("{FAE04EC0-301F-11D3-BF4B-00C04F79EFBC}") = "SafetyPing.App", "SafetyPing.App\SafetyPing.App.csproj", "{67F9D3A8-F71E-4428-913F-C37AE82CDB24}"
EndProject
Project("{FAE04EC0-301F-11D3-BF4B-00C04F79EFBC}") = "SafetyPing.API", "SafetyPing.API\SafetyPing.API.csproj", "{FE1C260F-0AE3-4A0F-84E2-1A00B4A11DC2}"
EndProject
Global
	GlobalSection(SolutionConfigurationPlatforms) = preSolution
		Ad-Hoc|Any CPU = Ad-Hoc|Any CPU
		Ad-Hoc|iPhone = Ad-Hoc|iPhone
		Ad-Hoc|iPhoneSimulator = Ad-Hoc|iPhoneSimulator
		AppStore|Any CPU = AppStore|Any CPU
		AppStore|iPhone = AppStore|iPhone
		AppStore|iPhoneSimulator = AppStore|iPhoneSimulator
		Debug|Any CPU = Debug|Any CPU
		Debug|iPhone = Debug|iPhone
		Debug|iPhoneSimulator = Debug|iPhoneSimulator
		Release|Any CPU = Release|Any CPU
		Release|iPhone = Release|iPhone
		Release|iPhoneSimulator = Release|iPhoneSimulator
	EndGlobalSection
	GlobalSection(ProjectConfigurationPlatforms) = postSolution
		{7400D1DA-A9BD-4751-9E52-57FCB64F0EBC}.Ad-Hoc|Any CPU.ActiveCfg = Release|Any CPU
		{7400D1DA-A9BD-4751-9E52-57FCB64F0EBC}.Ad-Hoc|Any CPU.Build.0 = Release|Any CPU
		{7400D1DA-A9BD-4751-9E52-57FCB64F0EBC}.Ad-Hoc|Any CPU.Deploy.0 = Release|Any CPU
		{7400D1DA-A9BD-4751-9E52-57FCB64F0EBC}.Ad-Hoc|iPhone.ActiveCfg = Release|Any CPU
		{7400D1DA-A9BD-4751-9E52-57FCB64F0EBC}.Ad-Hoc|iPhone.Build.0 = Release|Any CPU
		{7400D1DA-A9BD-4751-9E52-57FCB64F0EBC}.Ad-Hoc|iPhone.Deploy.0 = Release|Any CPU
		{7400D1DA-A9BD-4751-9E52-57FCB64F0EBC}.Ad-Hoc|iPhoneSimulator.ActiveCfg = Release|Any CPU
		{7400D1DA-A9BD-4751-9E52-57FCB64F0EBC}.Ad-Hoc|iPhoneSimulator.Build.0 = Release|Any CPU
		{7400D1DA-A9BD-4751-9E52-57FCB64F0EBC}.Ad-Hoc|iPhoneSimulator.Deploy.0 = Release|Any CPU
		{7400D1DA-A9BD-4751-9E52-57FCB64F0EBC}.AppStore|Any CPU.ActiveCfg = Release|Any CPU
		{7400D1DA-A9BD-4751-9E52-57FCB64F0EBC}.AppStore|Any CPU.Build.0 = Release|Any CPU
		{7400D1DA-A9BD-4751-9E52-57FCB64F0EBC}.AppStore|Any CPU.Deploy.0 = Release|Any CPU
		{7400D1DA-A9BD-4751-9E52-57FCB64F0EBC}.AppStore|iPhone.ActiveCfg = Release|Any CPU
		{7400D1DA-A9BD-4751-9E52-57FCB64F0EBC}.AppStore|iPhone.Build.0 = Release|Any CPU
		{7400D1DA-A9BD-4751-9E52-57FCB64F0EBC}.AppStore|iPhone.Deploy.0 = Release|Any CPU
		{7400D1DA-A9BD-4751-9E52-57FCB64F0EBC}.AppStore|iPhoneSimulator.ActiveCfg = Release|Any CPU
		{7400D1DA-A9BD-4751-9E52-57FCB64F0EBC}.AppStore|iPhoneSimulator.Build.0 = Release|Any CPU
		{7400D1DA-A9BD-4751-9E52-57FCB64F0EBC}.AppStore|iPhoneSimulator.Deploy.0 = Release|Any CPU
		{7400D1DA-A9BD-4751-9E52-57FCB64F0EBC}.Debug|Any CPU.ActiveCfg = Debug|Any CPU
		{7400D1DA-A9BD-4751-9E52-57FCB64F0EBC}.Debug|Any CPU.Build.0 = Debug|Any CPU
		{7400D1DA-A9BD-4751-9E52-57FCB64F0EBC}.Debug|Any CPU.Deploy.0 = Debug|Any CPU
		{7400D1DA-A9BD-4751-9E52-57FCB64F0EBC}.Debug|iPhone.ActiveCfg = Debug|Any CPU
		{7400D1DA-A9BD-4751-9E52-57FCB64F0EBC}.Debug|iPhone.Build.0 = Debug|Any CPU
		{7400D1DA-A9BD-4751-9E52-57FCB64F0EBC}.Debug|iPhone.Deploy.0 = Debug|Any CPU
		{7400D1DA-A9BD-4751-9E52-57FCB64F0EBC}.Debug|iPhoneSimulator.ActiveCfg = Debug|Any CPU
		{7400D1DA-A9BD-4751-9E52-57FCB64F0EBC}.Debug|iPhoneSimulator.Build.0 = Debug|Any CPU
		{7400D1DA-A9BD-4751-9E52-57FCB64F0EBC}.Debug|iPhoneSimulator.Deploy.0 = Debug|Any CPU
		{7400D1DA-A9BD-4751-9E52-57FCB64F0EBC}.Release|Any CPU.ActiveCfg = Release|Any CPU
		{7400D1DA-A9BD-4751-9E52-57FCB64F0EBC}.Release|Any CPU.Build.0 = Release|Any CPU
		{7400D1DA-A9BD-4751-9E52-57FCB64F0EBC}.Release|Any CPU.Deploy.0 = Release|Any CPU
		{7400D1DA-A9BD-4751-9E52-57FCB64F0EBC}.Release|iPhone.ActiveCfg = Release|Any CPU
		{7400D1DA-A9BD-4751-9E52-57FCB64F0EBC}.Release|iPhone.Build.0 = Release|Any CPU
		{7400D1DA-A9BD-4751-9E52-57FCB64F0EBC}.Release|iPhone.Deploy.0 = Release|Any CPU
		{7400D1DA-A9BD-4751-9E52-57FCB64F0EBC}.Release|iPhoneSimulator.ActiveCfg = Release|Any CPU
		{7400D1DA-A9BD-4751-9E52-57FCB64F0EBC}.Release|iPhoneSimulator.Build.0 = Release|Any CPU
		{7400D1DA-A9BD-4751-9E52-57FCB64F0EBC}.Release|iPhoneSimulator.Deploy.0 = Release|Any CPU
		{BBA5B393-7643-4616-8D28-1799201E0D82}.Ad-Hoc|Any CPU.ActiveCfg = Ad-Hoc|iPhone
		{BBA5B393-7643-4616-8D28-1799201E0D82}.Ad-Hoc|iPhone.ActiveCfg = Ad-Hoc|iPhone
		{BBA5B393-7643-4616-8D28-1799201E0D82}.Ad-Hoc|iPhone.Build.0 = Ad-Hoc|iPhone
		{BBA5B393-7643-4616-8D28-1799201E0D82}.Ad-Hoc|iPhoneSimulator.ActiveCfg = Ad-Hoc|iPhoneSimulator
		{BBA5B393-7643-4616-8D28-1799201E0D82}.Ad-Hoc|iPhoneSimulator.Build.0 = Ad-Hoc|iPhoneSimulator
		{BBA5B393-7643-4616-8D28-1799201E0D82}.AppStore|Any CPU.ActiveCfg = AppStore|iPhone
		{BBA5B393-7643-4616-8D28-1799201E0D82}.AppStore|iPhone.ActiveCfg = AppStore|iPhone
		{BBA5B393-7643-4616-8D28-1799201E0D82}.AppStore|iPhone.Build.0 = AppStore|iPhone
		{BBA5B393-7643-4616-8D28-1799201E0D82}.AppStore|iPhoneSimulator.ActiveCfg = AppStore|iPhoneSimulator
		{BBA5B393-7643-4616-8D28-1799201E0D82}.AppStore|iPhoneSimulator.Build.0 = AppStore|iPhoneSimulator
		{BBA5B393-7643-4616-8D28-1799201E0D82}.Debug|Any CPU.ActiveCfg = Debug|iPhone
		{BBA5B393-7643-4616-8D28-1799201E0D82}.Debug|iPhone.ActiveCfg = Debug|iPhone
		{BBA5B393-7643-4616-8D28-1799201E0D82}.Debug|iPhone.Build.0 = Debug|iPhone
		{BBA5B393-7643-4616-8D28-1799201E0D82}.Debug|iPhoneSimulator.ActiveCfg = Debug|iPhoneSimulator
		{BBA5B393-7643-4616-8D28-1799201E0D82}.Debug|iPhoneSimulator.Build.0 = Debug|iPhoneSimulator
		{BBA5B393-7643-4616-8D28-1799201E0D82}.Release|Any CPU.ActiveCfg = Release|iPhone
		{BBA5B393-7643-4616-8D28-1799201E0D82}.Release|iPhone.ActiveCfg = Release|iPhone
		{BBA5B393-7643-4616-8D28-1799201E0D82}.Release|iPhone.Build.0 = Release|iPhone
		{BBA5B393-7643-4616-8D28-1799201E0D82}.Release|iPhoneSimulator.ActiveCfg = Release|iPhoneSimulator
		{BBA5B393-7643-4616-8D28-1799201E0D82}.Release|iPhoneSimulator.Build.0 = Release|iPhoneSimulator
		{67F9D3A8-F71E-4428-913F-C37AE82CDB24}.Ad-Hoc|Any CPU.ActiveCfg = Release|Any CPU
		{67F9D3A8-F71E-4428-913F-C37AE82CDB24}.Ad-Hoc|Any CPU.Build.0 = Release|Any CPU
		{67F9D3A8-F71E-4428-913F-C37AE82CDB24}.Ad-Hoc|iPhone.ActiveCfg = Release|Any CPU
		{67F9D3A8-F71E-4428-913F-C37AE82CDB24}.Ad-Hoc|iPhone.Build.0 = Release|Any CPU
		{67F9D3A8-F71E-4428-913F-C37AE82CDB24}.Ad-Hoc|iPhoneSimulator.ActiveCfg = Release|Any CPU
		{67F9D3A8-F71E-4428-913F-C37AE82CDB24}.Ad-Hoc|iPhoneSimulator.Build.0 = Release|Any CPU
		{67F9D3A8-F71E-4428-913F-C37AE82CDB24}.AppStore|Any CPU.ActiveCfg = Release|Any CPU
		{67F9D3A8-F71E-4428-913F-C37AE82CDB24}.AppStore|Any CPU.Build.0 = Release|Any CPU
		{67F9D3A8-F71E-4428-913F-C37AE82CDB24}.AppStore|iPhone.ActiveCfg = Release|Any CPU
		{67F9D3A8-F71E-4428-913F-C37AE82CDB24}.AppStore|iPhone.Build.0 = Release|Any CPU
		{67F9D3A8-F71E-4428-913F-C37AE82CDB24}.AppStore|iPhoneSimulator.ActiveCfg = Release|Any CPU
		{67F9D3A8-F71E-4428-913F-C37AE82CDB24}.AppStore|iPhoneSimulator.Build.0 = Release|Any CPU
		{67F9D3A8-F71E-4428-913F-C37AE82CDB24}.Debug|Any CPU.ActiveCfg = Debug|Any CPU
		{67F9D3A8-F71E-4428-913F-C37AE82CDB24}.Debug|Any CPU.Build.0 = Debug|Any CPU
		{67F9D3A8-F71E-4428-913F-C37AE82CDB24}.Debug|iPhone.ActiveCfg = Debug|Any CPU
		{67F9D3A8-F71E-4428-913F-C37AE82CDB24}.Debug|iPhone.Build.0 = Debug|Any CPU
		{67F9D3A8-F71E-4428-913F-C37AE82CDB24}.Debug|iPhoneSimulator.ActiveCfg = Debug|Any CPU
		{67F9D3A8-F71E-4428-913F-C37AE82CDB24}.Debug|iPhoneSimulator.Build.0 = Debug|Any CPU
		{67F9D3A8-F71E-4428-913F-C37AE82CDB24}.Release|Any CPU.ActiveCfg = Release|Any CPU
		{67F9D3A8-F71E-4428-913F-C37AE82CDB24}.Release|Any CPU.Build.0 = Release|Any CPU
		{67F9D3A8-F71E-4428-913F-C37AE82CDB24}.Release|iPhone.ActiveCfg = Release|Any CPU
		{67F9D3A8-F71E-4428-913F-C37AE82CDB24}.Release|iPhone.Build.0 = Release|Any CPU
		{67F9D3A8-F71E-4428-913F-C37AE82CDB24}.Release|iPhoneSimulator.ActiveCfg = Release|Any CPU
		{67F9D3A8-F71E-4428-913F-C37AE82CDB24}.Release|iPhoneSimulator.Build.0 = Release|Any CPU
		{FE1C260F-0AE3-4A0F-84E2-1A00B4A11DC2}.Ad-Hoc|Any CPU.ActiveCfg = Release|Any CPU
		{FE1C260F-0AE3-4A0F-84E2-1A00B4A11DC2}.Ad-Hoc|Any CPU.Build.0 = Release|Any CPU
		{FE1C260F-0AE3-4A0F-84E2-1A00B4A11DC2}.Ad-Hoc|iPhone.ActiveCfg = Release|Any CPU
		{FE1C260F-0AE3-4A0F-84E2-1A00B4A11DC2}.Ad-Hoc|iPhone.Build.0 = Release|Any CPU
		{FE1C260F-0AE3-4A0F-84E2-1A00B4A11DC2}.Ad-Hoc|iPhoneSimulator.ActiveCfg = Release|Any CPU
		{FE1C260F-0AE3-4A0F-84E2-1A00B4A11DC2}.Ad-Hoc|iPhoneSimulator.Build.0 = Release|Any CPU
		{FE1C260F-0AE3-4A0F-84E2-1A00B4A11DC2}.AppStore|Any CPU.ActiveCfg = Release|Any CPU
		{FE1C260F-0AE3-4A0F-84E2-1A00B4A11DC2}.AppStore|Any CPU.Build.0 = Release|Any CPU
		{FE1C260F-0AE3-4A0F-84E2-1A00B4A11DC2}.AppStore|iPhone.ActiveCfg = Release|Any CPU
		{FE1C260F-0AE3-4A0F-84E2-1A00B4A11DC2}.AppStore|iPhone.Build.0 = Release|Any CPU
		{FE1C260F-0AE3-4A0F-84E2-1A00B4A11DC2}.AppStore|iPhoneSimulator.ActiveCfg = Release|Any CPU
		{FE1C260F-0AE3-4A0F-84E2-1A00B4A11DC2}.AppStore|iPhoneSimulator.Build.0 = Release|Any CPU
		{FE1C260F-0AE3-4A0F-84E2-1A00B4A11DC2}.Debug|Any CPU.ActiveCfg = Debug|Any CPU
		{FE1C260F-0AE3-4A0F-84E2-1A00B4A11DC2}.Debug|Any CPU.Build.0 = Debug|Any CPU
		{FE1C260F-0AE3-4A0F-84E2-1A00B4A11DC2}.Debug|iPhone.ActiveCfg = Debug|Any CPU
		{FE1C260F-0AE3-4A0F-84E2-1A00B4A11DC2}.Debug|iPhone.Build.0 = Debug|Any CPU
		{FE1C260F-0AE3-4A0F-84E2-1A00B4A11DC2}.Debug|iPhoneSimulator.ActiveCfg = Debug|Any CPU
		{FE1C260F-0AE3-4A0F-84E2-1A00B4A11DC2}.Debug|iPhoneSimulator.Build.0 = Debug|Any CPU
		{FE1C260F-0AE3-4A0F-84E2-1A00B4A11DC2}.Release|Any CPU.ActiveCfg = Release|Any CPU
		{FE1C260F-0AE3-4A0F-84E2-1A00B4A11DC2}.Release|Any CPU.Build.0 = Release|Any CPU
		{FE1C260F-0AE3-4A0F-84E2-1A00B4A11DC2}.Release|iPhone.ActiveCfg = Release|Any CPU
		{FE1C260F-0AE3-4A0F-84E2-1A00B4A11DC2}.Release|iPhone.Build.0 = Release|Any CPU
		{FE1C260F-0AE3-4A0F-84E2-1A00B4A11DC2}.Release|iPhoneSimulator.ActiveCfg = Release|Any CPU
		{FE1C260F-0AE3-4A0F-84E2-1A00B4A11DC2}.Release|iPhoneSimulator.Build.0 = Release|Any CPU
	EndGlobalSection
	GlobalSection(SolutionProperties) = preSolution
		HideSolutionNode = FALSE
	EndGlobalSection
EndGlobal
